
Microsoft Visual Studio Solution File, Format Version 12.00
# Visual Studio 14
VisualStudioVersion = 14.0.25420.1
MinimumVisualStudioVersion = 10.0.40219.1
Project("{FAE04EC0-301F-11D3-BF4B-00C04F79EFBC}") = "MusicDownloader", "MusicDownloader\MusicDownloader.csproj", "{F233125E-ECE0-4038-AB00-A0DF3BD0E4D5}"
EndProject
Project("{FAE04EC0-301F-11D3-BF4B-00C04F79EFBC}") = "Logic", "Logic\Logic.csproj", "{06C22953-A356-4DBA-9956-2FEB3F6BBA3B}"
EndProject
Project("{FAE04EC0-301F-11D3-BF4B-00C04F79EFBC}") = "DI", "DI\DI.csproj", "{F419E75B-EA51-444C-96BD-96EC02EAAC93}"
EndProject
Project("{FAE04EC0-301F-11D3-BF4B-00C04F79EFBC}") = "Infrastructure", "Infrastructure\Infrastructure.csproj", "{56632E3A-3DC5-4CC8-85FA-5BA85613C17E}"
EndProject
Global
	GlobalSection(SolutionConfigurationPlatforms) = preSolution
		Debug|Any CPU = Debug|Any CPU
		Release|Any CPU = Release|Any CPU
	EndGlobalSection
	GlobalSection(ProjectConfigurationPlatforms) = postSolution
		{F233125E-ECE0-4038-AB00-A0DF3BD0E4D5}.Debug|Any CPU.ActiveCfg = Debug|Any CPU
		{F233125E-ECE0-4038-AB00-A0DF3BD0E4D5}.Debug|Any CPU.Build.0 = Debug|Any CPU
		{F233125E-ECE0-4038-AB00-A0DF3BD0E4D5}.Release|Any CPU.ActiveCfg = Release|Any CPU
		{F233125E-ECE0-4038-AB00-A0DF3BD0E4D5}.Release|Any CPU.Build.0 = Release|Any CPU
		{06C22953-A356-4DBA-9956-2FEB3F6BBA3B}.Debug|Any CPU.ActiveCfg = Debug|Any CPU
		{06C22953-A356-4DBA-9956-2FEB3F6BBA3B}.Debug|Any CPU.Build.0 = Debug|Any CPU
		{06C22953-A356-4DBA-9956-2FEB3F6BBA3B}.Release|Any CPU.ActiveCfg = Release|Any CPU
		{06C22953-A356-4DBA-9956-2FEB3F6BBA3B}.Release|Any CPU.Build.0 = Release|Any CPU
		{F419E75B-EA51-444C-96BD-96EC02EAAC93}.Debug|Any CPU.ActiveCfg = Debug|Any CPU
		{F419E75B-EA51-444C-96BD-96EC02EAAC93}.Debug|Any CPU.Build.0 = Debug|Any CPU
		{F419E75B-EA51-444C-96BD-96EC02EAAC93}.Release|Any CPU.ActiveCfg = Release|Any CPU
		{F419E75B-EA51-444C-96BD-96EC02EAAC93}.Release|Any CPU.Build.0 = Release|Any CPU
		{56632E3A-3DC5-4CC8-85FA-5BA85613C17E}.Debug|Any CPU.ActiveCfg = Debug|Any CPU
		{56632E3A-3DC5-4CC8-85FA-5BA85613C17E}.Debug|Any CPU.Build.0 = Debug|Any CPU
		{56632E3A-3DC5-4CC8-85FA-5BA85613C17E}.Release|Any CPU.ActiveCfg = Release|Any CPU
		{56632E3A-3DC5-4CC8-85FA-5BA85613C17E}.Release|Any CPU.Build.0 = Release|Any CPU
	EndGlobalSection
	GlobalSection(SolutionProperties) = preSolution
		HideSolutionNode = FALSE
	EndGlobalSection
EndGlobal
